
Microsoft Visual Studio Solution File, Format Version 12.00
# Visual Studio 15
VisualStudioVersion = 15.0.26730.16
MinimumVisualStudioVersion = 10.0.40219.1
Project("{FAE04EC0-301F-11D3-BF4B-00C04F79EFBC}") = "BackendTest", "BackendTest\BackendTest.csproj", "{D6AA1318-B2E4-439D-A0F9-DAC4173A5489}"
EndProject
Project("{00D1A9C2-B5F0-4AF3-8072-F6C62B433612}") = "BackendTest.DB", "Database1\BackendTest.DB.sqlproj", "{0BDC54E8-A003-410D-BE5F-CD478258D279}"
EndProject
Global
	GlobalSection(SolutionConfigurationPlatforms) = preSolution
		Debug|Any CPU = Debug|Any CPU
		Release|Any CPU = Release|Any CPU
	EndGlobalSection
	GlobalSection(ProjectConfigurationPlatforms) = postSolution
		{D6AA1318-B2E4-439D-A0F9-DAC4173A5489}.Debug|Any CPU.ActiveCfg = Debug|Any CPU
		{D6AA1318-B2E4-439D-A0F9-DAC4173A5489}.Debug|Any CPU.Build.0 = Debug|Any CPU
		{D6AA1318-B2E4-439D-A0F9-DAC4173A5489}.Release|Any CPU.ActiveCfg = Release|Any CPU
		{D6AA1318-B2E4-439D-A0F9-DAC4173A5489}.Release|Any CPU.Build.0 = Release|Any CPU
		{0BDC54E8-A003-410D-BE5F-CD478258D279}.Debug|Any CPU.ActiveCfg = Debug|Any CPU
		{0BDC54E8-A003-410D-BE5F-CD478258D279}.Debug|Any CPU.Build.0 = Debug|Any CPU
		{0BDC54E8-A003-410D-BE5F-CD478258D279}.Debug|Any CPU.Deploy.0 = Debug|Any CPU
		{0BDC54E8-A003-410D-BE5F-CD478258D279}.Release|Any CPU.ActiveCfg = Release|Any CPU
		{0BDC54E8-A003-410D-BE5F-CD478258D279}.Release|Any CPU.Build.0 = Release|Any CPU
		{0BDC54E8-A003-410D-BE5F-CD478258D279}.Release|Any CPU.Deploy.0 = Release|Any CPU
	EndGlobalSection
	GlobalSection(SolutionProperties) = preSolution
		HideSolutionNode = FALSE
	EndGlobalSection
	GlobalSection(ExtensibilityGlobals) = postSolution
		SolutionGuid = {9B42FFCD-B529-4E08-8C9F-EA3FA7278402}
	EndGlobalSection
EndGlobal
